
Microsoft Visual Studio Solution File, Format Version 12.00
# Visual Studio Version 17
VisualStudioVersion = 17.10.35013.160
MinimumVisualStudioVersion = 10.0.40219.1
Project("{FAE04EC0-301F-11D3-BF4B-00C04F79EFBC}") = "topic 1 assignment", "topic 1 assignment\topic 1 assignment.csproj", "{FD3DB160-3C11-497D-8FF1-1F3799E99887}"
EndProject
Global
	GlobalSection(SolutionConfigurationPlatforms) = preSolution
		Debug|Any CPU = Debug|Any CPU
		Release|Any CPU = Release|Any CPU
	EndGlobalSection
	GlobalSection(ProjectConfigurationPlatforms) = postSolution
		{FD3DB160-3C11-497D-8FF1-1F3799E99887}.Debug|Any CPU.ActiveCfg = Debug|Any CPU
		{FD3DB160-3C11-497D-8FF1-1F3799E99887}.Debug|Any CPU.Build.0 = Debug|Any CPU
		{FD3DB160-3C11-497D-8FF1-1F3799E99887}.Release|Any CPU.ActiveCfg = Release|Any CPU
		{FD3DB160-3C11-497D-8FF1-1F3799E99887}.Release|Any CPU.Build.0 = Release|Any CPU
	EndGlobalSection
	GlobalSection(SolutionProperties) = preSolution
		HideSolutionNode = FALSE
	EndGlobalSection
	GlobalSection(ExtensibilityGlobals) = postSolution
		SolutionGuid = {737B56F0-A930-471D-8F22-3067425F9B17}
	EndGlobalSection
EndGlobal
